
Microsoft Visual Studio Solution File, Format Version 12.00
# Visual Studio Version 17
VisualStudioVersion = 17.14.36408.4
MinimumVisualStudioVersion = 10.0.40219.1
Project("{2150E333-8FDC-42A3-9474-1A3956D46DE8}") = "01", "01", "{02EA681E-C7D8-13C7-8484-4AC65E1B71E8}"
EndProject
Project("{FAE04EC0-301F-11D3-BF4B-00C04F79EFBC}") = "IsNumberOddorNot", "IsNumberOddorNot\IsNumberOddorNot.csproj", "{51620EF5-7B12-457D-955E-BB73DD00C927}"
EndProject
Project("{2150E333-8FDC-42A3-9474-1A3956D46DE8}") = "02", "02", "{9D03AF70-1859-4325-A415-652395068BF1}"
EndProject
Project("{FAE04EC0-301F-11D3-BF4B-00C04F79EFBC}") = "TheGreatestNumber", "TheGreatestNumber\TheGreatestNumber.csproj", "{4798D2AE-C47F-4383-B1EB-ABB1B4390EC0}"
EndProject
Project("{2150E333-8FDC-42A3-9474-1A3956D46DE8}") = "Shared", "Shared", "{9ABA6A36-ABC6-43EF-A54D-237CED2952A7}"
EndProject
Project("{2150E333-8FDC-42A3-9474-1A3956D46DE8}") = "03", "03", "{C00FC0B8-2284-4709-AADB-BB2FC445C071}"
EndProject
Project("{FAE04EC0-301F-11D3-BF4B-00C04F79EFBC}") = "SortNumbers", "SortNumbers\SortNumbers.csproj", "{27C8EA3C-F441-41E5-9F79-0AB4D92EA77E}"
EndProject
Project("{2150E333-8FDC-42A3-9474-1A3956D46DE8}") = "04", "04", "{46687B1A-3FBD-4AC0-A495-6D27864D9CC7}"
EndProject
Project("{FAE04EC0-301F-11D3-BF4B-00C04F79EFBC}") = "IsMultipleOfAnother", "IsMultipleOfAnother\IsMultipleOfAnother.csproj", "{AFEDE2E3-DBA8-45F0-AF80-2F2281A6D46A}"
EndProject
Project("{2150E333-8FDC-42A3-9474-1A3956D46DE8}") = "05", "05", "{C1537DD1-C700-4A65-9615-D87F5E8D17A2}"
EndProject
Project("{FAE04EC0-301F-11D3-BF4B-00C04F79EFBC}") = "IsLeapYear", "IsLeapYear\IsLeapYear.csproj", "{8A715CDA-486D-49E7-8931-785344D65131}"
EndProject
Project("{2150E333-8FDC-42A3-9474-1A3956D46DE8}") = "06", "06", "{853B9F20-AA57-4E74-AD41-A65D9863743E}"
EndProject
Project("{FAE04EC0-301F-11D3-BF4B-00C04F79EFBC}") = "SimplePayRoll", "SimplePayRoll\SimplePayRoll.csproj", "{7879E0F1-1159-4199-A91F-E50EA70DA6F2}"
EndProject
Project("{2150E333-8FDC-42A3-9474-1A3956D46DE8}") = "07", "07", "{59230BD3-96C4-4787-B785-28DAEA1BFDFD}"
EndProject
Project("{FAE04EC0-301F-11D3-BF4B-00C04F79EFBC}") = "Discounts", "Discounts\Discounts.csproj", "{99A90316-6D98-4860-8BAE-BEC1A1C700B1}"
EndProject
Project("{2150E333-8FDC-42A3-9474-1A3956D46DE8}") = "08", "08", "{B4DAE871-3C01-47B9-ACAF-710BA0B4B1B2}"
EndProject
Project("{FAE04EC0-301F-11D3-BF4B-00C04F79EFBC}") = "RegistrationValue", "RegistrationValue\RegistrationValue.csproj", "{BEE7DF2E-5D2F-47CB-8910-E4F0B944229A}"
EndProject
Project("{2150E333-8FDC-42A3-9474-1A3956D46DE8}") = "09", "09", "{6AE1F444-A97F-4F7C-91A6-34CD5981E137}"
EndProject
Project("{FAE04EC0-301F-11D3-BF4B-00C04F79EFBC}") = "Shipping", "Shipping\Shipping.csproj", "{D9A5714B-5AB2-4F16-BB94-EAB7310E2CF2}"
EndProject
Project("{2150E333-8FDC-42A3-9474-1A3956D46DE8}") = "10", "10", "{7B4C4A3B-5BF6-4AF2-A2FA-9B8B66F6F47A}"
EndProject
Project("{FAE04EC0-301F-11D3-BF4B-00C04F79EFBC}") = "SucesoStore", "SucesoStore\SucesoStore.csproj", "{51767BB1-7675-4882-834E-9437EDA3F52F}"
EndProject
Project("{2150E333-8FDC-42A3-9474-1A3956D46DE8}") = "11", "11", "{63C2D80B-246E-4F56-AD21-D31E4EB87DCF}"
EndProject
Project("{FAE04EC0-301F-11D3-BF4B-00C04F79EFBC}") = "TransportationCompany", "TransportationCompany\TransportationCompany.csproj", "{3D725937-5E05-4A3A-ABF6-9DF34A7790DB}"
EndProject
Global
	GlobalSection(SolutionConfigurationPlatforms) = preSolution
		Debug|Any CPU = Debug|Any CPU
		Release|Any CPU = Release|Any CPU
	EndGlobalSection
	GlobalSection(ProjectConfigurationPlatforms) = postSolution
		{51620EF5-7B12-457D-955E-BB73DD00C927}.Debug|Any CPU.ActiveCfg = Debug|Any CPU
		{51620EF5-7B12-457D-955E-BB73DD00C927}.Debug|Any CPU.Build.0 = Debug|Any CPU
		{51620EF5-7B12-457D-955E-BB73DD00C927}.Release|Any CPU.ActiveCfg = Release|Any CPU
		{51620EF5-7B12-457D-955E-BB73DD00C927}.Release|Any CPU.Build.0 = Release|Any CPU
		{4798D2AE-C47F-4383-B1EB-ABB1B4390EC0}.Debug|Any CPU.ActiveCfg = Debug|Any CPU
		{4798D2AE-C47F-4383-B1EB-ABB1B4390EC0}.Debug|Any CPU.Build.0 = Debug|Any CPU
		{4798D2AE-C47F-4383-B1EB-ABB1B4390EC0}.Release|Any CPU.ActiveCfg = Release|Any CPU
		{4798D2AE-C47F-4383-B1EB-ABB1B4390EC0}.Release|Any CPU.Build.0 = Release|Any CPU
		{27C8EA3C-F441-41E5-9F79-0AB4D92EA77E}.Debug|Any CPU.ActiveCfg = Debug|Any CPU
		{27C8EA3C-F441-41E5-9F79-0AB4D92EA77E}.Debug|Any CPU.Build.0 = Debug|Any CPU
		{27C8EA3C-F441-41E5-9F79-0AB4D92EA77E}.Release|Any CPU.ActiveCfg = Release|Any CPU
		{27C8EA3C-F441-41E5-9F79-0AB4D92EA77E}.Release|Any CPU.Build.0 = Release|Any CPU
		{AFEDE2E3-DBA8-45F0-AF80-2F2281A6D46A}.Debug|Any CPU.ActiveCfg = Debug|Any CPU
		{AFEDE2E3-DBA8-45F0-AF80-2F2281A6D46A}.Debug|Any CPU.Build.0 = Debug|Any CPU
		{AFEDE2E3-DBA8-45F0-AF80-2F2281A6D46A}.Release|Any CPU.ActiveCfg = Release|Any CPU
		{AFEDE2E3-DBA8-45F0-AF80-2F2281A6D46A}.Release|Any CPU.Build.0 = Release|Any CPU
		{8A715CDA-486D-49E7-8931-785344D65131}.Debug|Any CPU.ActiveCfg = Debug|Any CPU
		{8A715CDA-486D-49E7-8931-785344D65131}.Debug|Any CPU.Build.0 = Debug|Any CPU
		{8A715CDA-486D-49E7-8931-785344D65131}.Release|Any CPU.ActiveCfg = Release|Any CPU
		{8A715CDA-486D-49E7-8931-785344D65131}.Release|Any CPU.Build.0 = Release|Any CPU
		{7879E0F1-1159-4199-A91F-E50EA70DA6F2}.Debug|Any CPU.ActiveCfg = Debug|Any CPU
		{7879E0F1-1159-4199-A91F-E50EA70DA6F2}.Debug|Any CPU.Build.0 = Debug|Any CPU
		{7879E0F1-1159-4199-A91F-E50EA70DA6F2}.Release|Any CPU.ActiveCfg = Release|Any CPU
		{7879E0F1-1159-4199-A91F-E50EA70DA6F2}.Release|Any CPU.Build.0 = Release|Any CPU
		{99A90316-6D98-4860-8BAE-BEC1A1C700B1}.Debug|Any CPU.ActiveCfg = Debug|Any CPU
		{99A90316-6D98-4860-8BAE-BEC1A1C700B1}.Debug|Any CPU.Build.0 = Debug|Any CPU
		{99A90316-6D98-4860-8BAE-BEC1A1C700B1}.Release|Any CPU.ActiveCfg = Release|Any CPU
		{99A90316-6D98-4860-8BAE-BEC1A1C700B1}.Release|Any CPU.Build.0 = Release|Any CPU
		{BEE7DF2E-5D2F-47CB-8910-E4F0B944229A}.Debug|Any CPU.ActiveCfg = Debug|Any CPU
		{BEE7DF2E-5D2F-47CB-8910-E4F0B944229A}.Debug|Any CPU.Build.0 = Debug|Any CPU
		{BEE7DF2E-5D2F-47CB-8910-E4F0B944229A}.Release|Any CPU.ActiveCfg = Release|Any CPU
		{BEE7DF2E-5D2F-47CB-8910-E4F0B944229A}.Release|Any CPU.Build.0 = Release|Any CPU
		{D9A5714B-5AB2-4F16-BB94-EAB7310E2CF2}.Debug|Any CPU.ActiveCfg = Debug|Any CPU
		{D9A5714B-5AB2-4F16-BB94-EAB7310E2CF2}.Debug|Any CPU.Build.0 = Debug|Any CPU
		{D9A5714B-5AB2-4F16-BB94-EAB7310E2CF2}.Release|Any CPU.ActiveCfg = Release|Any CPU
		{D9A5714B-5AB2-4F16-BB94-EAB7310E2CF2}.Release|Any CPU.Build.0 = Release|Any CPU
		{51767BB1-7675-4882-834E-9437EDA3F52F}.Debug|Any CPU.ActiveCfg = Debug|Any CPU
		{51767BB1-7675-4882-834E-9437EDA3F52F}.Debug|Any CPU.Build.0 = Debug|Any CPU
		{51767BB1-7675-4882-834E-9437EDA3F52F}.Release|Any CPU.ActiveCfg = Release|Any CPU
		{51767BB1-7675-4882-834E-9437EDA3F52F}.Release|Any CPU.Build.0 = Release|Any CPU
		{3D725937-5E05-4A3A-ABF6-9DF34A7790DB}.Debug|Any CPU.ActiveCfg = Debug|Any CPU
		{3D725937-5E05-4A3A-ABF6-9DF34A7790DB}.Debug|Any CPU.Build.0 = Debug|Any CPU
		{3D725937-5E05-4A3A-ABF6-9DF34A7790DB}.Release|Any CPU.ActiveCfg = Release|Any CPU
		{3D725937-5E05-4A3A-ABF6-9DF34A7790DB}.Release|Any CPU.Build.0 = Release|Any CPU
	EndGlobalSection
	GlobalSection(SolutionProperties) = preSolution
		HideSolutionNode = FALSE
	EndGlobalSection
	GlobalSection(NestedProjects) = preSolution
		{51620EF5-7B12-457D-955E-BB73DD00C927} = {02EA681E-C7D8-13C7-8484-4AC65E1B71E8}
		{4798D2AE-C47F-4383-B1EB-ABB1B4390EC0} = {9D03AF70-1859-4325-A415-652395068BF1}
		{27C8EA3C-F441-41E5-9F79-0AB4D92EA77E} = {C00FC0B8-2284-4709-AADB-BB2FC445C071}
		{AFEDE2E3-DBA8-45F0-AF80-2F2281A6D46A} = {46687B1A-3FBD-4AC0-A495-6D27864D9CC7}
		{8A715CDA-486D-49E7-8931-785344D65131} = {C1537DD1-C700-4A65-9615-D87F5E8D17A2}
		{7879E0F1-1159-4199-A91F-E50EA70DA6F2} = {853B9F20-AA57-4E74-AD41-A65D9863743E}
		{99A90316-6D98-4860-8BAE-BEC1A1C700B1} = {59230BD3-96C4-4787-B785-28DAEA1BFDFD}
		{BEE7DF2E-5D2F-47CB-8910-E4F0B944229A} = {B4DAE871-3C01-47B9-ACAF-710BA0B4B1B2}
		{D9A5714B-5AB2-4F16-BB94-EAB7310E2CF2} = {6AE1F444-A97F-4F7C-91A6-34CD5981E137}
		{51767BB1-7675-4882-834E-9437EDA3F52F} = {7B4C4A3B-5BF6-4AF2-A2FA-9B8B66F6F47A}
		{3D725937-5E05-4A3A-ABF6-9DF34A7790DB} = {63C2D80B-246E-4F56-AD21-D31E4EB87DCF}
	EndGlobalSection
	GlobalSection(ExtensibilityGlobals) = postSolution
		SolutionGuid = {64B677BC-1F9F-40A0-B0F4-EDDF4E7D762D}
	EndGlobalSection
EndGlobal
